
Microsoft Visual Studio Solution File, Format Version 12.00
# Visual Studio Version 17
VisualStudioVersion = 17.14.36518.9 d17.14
MinimumVisualStudioVersion = 10.0.40219.1
Project("{FAE04EC0-301F-11D3-BF4B-00C04F79EFBC}") = "UI", "UI\UI.csproj", "{B69F8E9E-ACBC-42CA-871D-8551B503AA70}"
EndProject
Project("{FAE04EC0-301F-11D3-BF4B-00C04F79EFBC}") = "Domain", "Domain\Domain.csproj", "{0683C023-4ECD-4AA9-BDA6-CA0A1B919472}"
EndProject
Project("{FAE04EC0-301F-11D3-BF4B-00C04F79EFBC}") = "Data", "Data\Data.csproj", "{C2D73DD7-B1E1-49E1-B059-75F895A533E8}"
EndProject
Global
	GlobalSection(SolutionConfigurationPlatforms) = preSolution
		Debug|Any CPU = Debug|Any CPU
		Release|Any CPU = Release|Any CPU
	EndGlobalSection
	GlobalSection(ProjectConfigurationPlatforms) = postSolution
		{B69F8E9E-ACBC-42CA-871D-8551B503AA70}.Debug|Any CPU.ActiveCfg = Debug|Any CPU
		{B69F8E9E-ACBC-42CA-871D-8551B503AA70}.Debug|Any CPU.Build.0 = Debug|Any CPU
		{B69F8E9E-ACBC-42CA-871D-8551B503AA70}.Release|Any CPU.ActiveCfg = Release|Any CPU
		{B69F8E9E-ACBC-42CA-871D-8551B503AA70}.Release|Any CPU.Build.0 = Release|Any CPU
		{0683C023-4ECD-4AA9-BDA6-CA0A1B919472}.Debug|Any CPU.ActiveCfg = Debug|Any CPU
		{0683C023-4ECD-4AA9-BDA6-CA0A1B919472}.Debug|Any CPU.Build.0 = Debug|Any CPU
		{0683C023-4ECD-4AA9-BDA6-CA0A1B919472}.Release|Any CPU.ActiveCfg = Release|Any CPU
		{0683C023-4ECD-4AA9-BDA6-CA0A1B919472}.Release|Any CPU.Build.0 = Release|Any CPU
		{C2D73DD7-B1E1-49E1-B059-75F895A533E8}.Debug|Any CPU.ActiveCfg = Debug|Any CPU
		{C2D73DD7-B1E1-49E1-B059-75F895A533E8}.Debug|Any CPU.Build.0 = Debug|Any CPU
		{C2D73DD7-B1E1-49E1-B059-75F895A533E8}.Release|Any CPU.ActiveCfg = Release|Any CPU
		{C2D73DD7-B1E1-49E1-B059-75F895A533E8}.Release|Any CPU.Build.0 = Release|Any CPU
	EndGlobalSection
	GlobalSection(SolutionProperties) = preSolution
		HideSolutionNode = FALSE
	EndGlobalSection
	GlobalSection(ExtensibilityGlobals) = postSolution
		SolutionGuid = {FF6C9005-4D0B-46D6-B9B5-4F6C2D2348E0}
	EndGlobalSection
EndGlobal
